// !$*UTF8*$!
{
	archiveVersion = 1;
	classes = {
	};
	objectVersion = 50;
	objects = {

/* Begin PBXBuildFile section */
		4650CAA322F5C40000E6959D /* AppDelegate.swift in Sources */ = {isa = PBXBuildFile; fileRef = 4650CAA222F5C40000E6959D /* AppDelegate.swift */; };
		4650CAA522F5C40000E6959D /* ViewController.swift in Sources */ = {isa = PBXBuildFile; fileRef = 4650CAA422F5C40000E6959D /* ViewController.swift */; };
		4650CAA822F5C40000E6959D /* Main.storyboard in Resources */ = {isa = PBXBuildFile; fileRef = 4650CAA622F5C40000E6959D /* Main.storyboard */; };
		4650CAAB22F5C40000E6959D /* shopTogether.xcdatamodeld in Sources */ = {isa = PBXBuildFile; fileRef = 4650CAA922F5C40000E6959D /* shopTogether.xcdatamodeld */; };
		4650CAAD22F5C40200E6959D /* Assets.xcassets in Resources */ = {isa = PBXBuildFile; fileRef = 4650CAAC22F5C40200E6959D /* Assets.xcassets */; };
		4650CAB022F5C40200E6959D /* LaunchScreen.storyboard in Resources */ = {isa = PBXBuildFile; fileRef = 4650CAAE22F5C40200E6959D /* LaunchScreen.storyboard */; };
		4650CABB22F5C40200E6959D /* shopTogetherTests.swift in Sources */ = {isa = PBXBuildFile; fileRef = 4650CABA22F5C40200E6959D /* shopTogetherTests.swift */; };
		4650CAC622F5C40200E6959D /* shopTogetherUITests.swift in Sources */ = {isa = PBXBuildFile; fileRef = 4650CAC522F5C40200E6959D /* shopTogetherUITests.swift */; };
/* End PBXBuildFile section */

/* Begin PBXContainerItemProxy section */
		4650CAB722F5C40200E6959D /* PBXContainerItemProxy */ = {
			isa = PBXContainerItemProxy;
			containerPortal = 4650CA9722F5C40000E6959D /* Project object */;
			proxyType = 1;
			remoteGlobalIDString = 4650CA9E22F5C40000E6959D;
			remoteInfo = shopTogether;
		};
		4650CAC222F5C40200E6959D /* PBXContainerItemProxy */ = {
			isa = PBXContainerItemProxy;
			containerPortal = 4650CA9722F5C40000E6959D /* Project object */;
			proxyType = 1;
			remoteGlobalIDString = 4650CA9E22F5C40000E6959D;
			remoteInfo = shopTogether;
		};
/* End PBXContainerItemProxy section */

/* Begin PBXFileReference section */
		4650CA9F22F5C40000E6959D /* shopTogether.app */ = {isa = PBXFileReference; explicitFileType = wrapper.application; includeInIndex = 0; path = shopTogether.app; sourceTree = BUILT_PRODUCTS_DIR; };
		4650CAA222F5C40000E6959D /* AppDelegate.swift */ = {isa = PBXFileReference; lastKnownFileType = sourcecode.swift; path = AppDelegate.swift; sourceTree = "<group>"; };
		4650CAA422F5C40000E6959D /* ViewController.swift */ = {isa = PBXFileReference; lastKnownFileType = sourcecode.swift; path = ViewController.swift; sourceTree = "<group>"; };
		4650CAA722F5C40000E6959D /* Base */ = {isa = PBXFileReference; lastKnownFileType = file.storyboard; name = Base; path = Base.lproj/Main.storyboard; sourceTree = "<group>"; };
		4650CAAA22F5C40000E6959D /* shopTogether.xcdatamodel */ = {isa = PBXFileReference; lastKnownFileType = wrapper.xcdatamodel; path = shopTogether.xcdatamodel; sourceTree = "<group>"; };
		4650CAAC22F5C40200E6959D /* Assets.xcassets */ = {isa = PBXFileReference; lastKnownFileType = folder.assetcatalog; path = Assets.xcassets; sourceTree = "<group>"; };
		4650CAAF22F5C40200E6959D /* Base */ = {isa = PBXFileReference; lastKnownFileType = file.storyboard; name = Base; path = Base.lproj/LaunchScreen.storyboard; sourceTree = "<group>"; };
		4650CAB122F5C40200E6959D /* Info.plist */ = {isa = PBXFileReference; lastKnownFileType = text.plist.xml; path = Info.plist; sourceTree = "<group>"; };
		4650CAB622F5C40200E6959D /* shopTogetherTests.xctest */ = {isa = PBXFileReference; explicitFileType = wrapper.cfbundle; includeInIndex = 0; path = shopTogetherTests.xctest; sourceTree = BUILT_PRODUCTS_DIR; };
		4650CABA22F5C40200E6959D /* shopTogetherTests.swift */ = {isa = PBXFileReference; lastKnownFileType = sourcecode.swift; path = shopTogetherTests.swift; sourceTree = "<group>"; };
		4650CABC22F5C40200E6959D /* Info.plist */ = {isa = PBXFileReference; lastKnownFileType = text.plist.xml; path = Info.plist; sourceTree = "<group>"; };
		4650CAC122F5C40200E6959D /* shopTogetherUITests.xctest */ = {isa = PBXFileReference; explicitFileType = wrapper.cfbundle; includeInIndex = 0; path = shopTogetherUITests.xctest; sourceTree = BUILT_PRODUCTS_DIR; };
		4650CAC522F5C40200E6959D /* shopTogetherUITests.swift */ = {isa = PBXFileReference; lastKnownFileType = sourcecode.swift; path = shopTogetherUITests.swift; sourceTree = "<group>"; };
		4650CAC722F5C40200E6959D /* Info.plist */ = {isa = PBXFileReference; lastKnownFileType = text.plist.xml; path = Info.plist; sourceTree = "<group>"; };
/* End PBXFileReference section */

/* Begin PBXFrameworksBuildPhase section */
		4650CA9C22F5C40000E6959D /* Frameworks */ = {
			isa = PBXFrameworksBuildPhase;
			buildActionMask = 2147483647;
			files = (
			);
			runOnlyForDeploymentPostprocessing = 0;
		};
		4650CAB322F5C40200E6959D /* Frameworks */ = {
			isa = PBXFrameworksBuildPhase;
			buildActionMask = 2147483647;
			files = (
			);
			runOnlyForDeploymentPostprocessing = 0;
		};
		4650CABE22F5C40200E6959D /* Frameworks */ = {
			isa = PBXFrameworksBuildPhase;
			buildActionMask = 2147483647;
			files = (
			);
			runOnlyForDeploymentPostprocessing = 0;
		};
/* End PBXFrameworksBuildPhase section */

/* Begin PBXGroup section */
		4650CA9622F5C40000E6959D = {
			isa = PBXGroup;
			children = (
				4650CAA122F5C40000E6959D /* shopTogether */,
				4650CAB922F5C40200E6959D /* shopTogetherTests */,
				4650CAC422F5C40200E6959D /* shopTogetherUITests */,
				4650CAA022F5C40000E6959D /* Products */,
			);
			sourceTree = "<group>";
		};
		4650CAA022F5C40000E6959D /* Products */ = {
			isa = PBXGroup;
			children = (
				4650CA9F22F5C40000E6959D /* shopTogether.app */,
				4650CAB622F5C40200E6959D /* shopTogetherTests.xctest */,
				4650CAC122F5C40200E6959D /* shopTogetherUITests.xctest */,
			);
			name = Products;
			sourceTree = "<group>";
		};
		4650CAA122F5C40000E6959D /* shopTogether */ = {
			isa = PBXGroup;
			children = (
				4650CAA222F5C40000E6959D /* AppDelegate.swift */,
				4650CAA422F5C40000E6959D /* ViewController.swift */,
				4650CAA622F5C40000E6959D /* Main.storyboard */,
				4650CAAC22F5C40200E6959D /* Assets.xcassets */,
				4650CAAE22F5C40200E6959D /* LaunchScreen.storyboard */,
				4650CAB122F5C40200E6959D /* Info.plist */,
				4650CAA922F5C40000E6959D /* shopTogether.xcdatamodeld */,
			);
			path = shopTogether;
			sourceTree = "<group>";
		};
		4650CAB922F5C40200E6959D /* shopTogetherTests */ = {
			isa = PBXGroup;
			children = (
				4650CABA22F5C40200E6959D /* shopTogetherTests.swift */,
				4650CABC22F5C40200E6959D /* Info.plist */,
			);
			path = shopTogetherTests;
			sourceTree = "<group>";
		};
		4650CAC422F5C40200E6959D /* shopTogetherUITests */ = {
			isa = PBXGroup;
			children = (
				4650CAC522F5C40200E6959D /* shopTogetherUITests.swift */,
				4650CAC722F5C40200E6959D /* Info.plist */,
			);
			path = shopTogetherUITests;
			sourceTree = "<group>";
		};
/* End PBXGroup section */

/* Begin PBXNativeTarget section */
		4650CA9E22F5C40000E6959D /* shopTogether */ = {
			isa = PBXNativeTarget;
			buildConfigurationList = 4650CACA22F5C40200E6959D /* Build configuration list for PBXNativeTarget "shopTogether" */;
			buildPhases = (
				4650CA9B22F5C40000E6959D /* Sources */,
				4650CA9C22F5C40000E6959D /* Frameworks */,
				4650CA9D22F5C40000E6959D /* Resources */,
			);
			buildRules = (
			);
			dependencies = (
			);
			name = shopTogether;
			productName = shopTogether;
			productReference = 4650CA9F22F5C40000E6959D /* shopTogether.app */;
			productType = "com.apple.product-type.application";
		};
		4650CAB522F5C40200E6959D /* shopTogetherTests */ = {
			isa = PBXNativeTarget;
			buildConfigurationList = 4650CACD22F5C40200E6959D /* Build configuration list for PBXNativeTarget "shopTogetherTests" */;
			buildPhases = (
				4650CAB222F5C40200E6959D /* Sources */,
				4650CAB322F5C40200E6959D /* Frameworks */,
				4650CAB422F5C40200E6959D /* Resources */,
			);
			buildRules = (
			);
			dependencies = (
				4650CAB822F5C40200E6959D /* PBXTargetDependency */,
			);
			name = shopTogetherTests;
			productName = shopTogetherTests;
			productReference = 4650CAB622F5C40200E6959D /* shopTogetherTests.xctest */;
			productType = "com.apple.product-type.bundle.unit-test";
		};
		4650CAC022F5C40200E6959D /* shopTogetherUITests */ = {
			isa = PBXNativeTarget;
			buildConfigurationList = 4650CAD022F5C40200E6959D /* Build configuration list for PBXNativeTarget "shopTogetherUITests" */;
			buildPhases = (
				4650CABD22F5C40200E6959D /* Sources */,
				4650CABE22F5C40200E6959D /* Frameworks */,
				4650CABF22F5C40200E6959D /* Resources */,
			);
			buildRules = (
			);
			dependencies = (
				4650CAC322F5C40200E6959D /* PBXTargetDependency */,
			);
			name = shopTogetherUITests;
			productName = shopTogetherUITests;
			productReference = 4650CAC122F5C40200E6959D /* shopTogetherUITests.xctest */;
			productType = "com.apple.product-type.bundle.ui-testing";
		};
/* End PBXNativeTarget section */

/* Begin PBXProject section */
		4650CA9722F5C40000E6959D /* Project object */ = {
			isa = PBXProject;
			attributes = {
				LastSwiftUpdateCheck = 1020;
				LastUpgradeCheck = 1020;
				ORGANIZATIONNAME = shopTogether;
				TargetAttributes = {
					4650CA9E22F5C40000E6959D = {
						CreatedOnToolsVersion = 10.2.1;
					};
					4650CAB522F5C40200E6959D = {
						CreatedOnToolsVersion = 10.2.1;
						TestTargetID = 4650CA9E22F5C40000E6959D;
					};
					4650CAC022F5C40200E6959D = {
						CreatedOnToolsVersion = 10.2.1;
						TestTargetID = 4650CA9E22F5C40000E6959D;
					};
				};
			};
			buildConfigurationList = 4650CA9A22F5C40000E6959D /* Build configuration list for PBXProject "shopTogether" */;
			compatibilityVersion = "Xcode 9.3";
			developmentRegion = en;
			hasScannedForEncodings = 0;
			knownRegions = (
				en,
				Base,
			);
			mainGroup = 4650CA9622F5C40000E6959D;
			productRefGroup = 4650CAA022F5C40000E6959D /* Products */;
			projectDirPath = "";
			projectRoot = "";
			targets = (
				4650CA9E22F5C40000E6959D /* shopTogether */,
				4650CAB522F5C40200E6959D /* shopTogetherTests */,
				4650CAC022F5C40200E6959D /* shopTogetherUITests */,
			);
		};
/* End PBXProject section */

/* Begin PBXResourcesBuildPhase section */
		4650CA9D22F5C40000E6959D /* Resources */ = {
			isa = PBXResourcesBuildPhase;
			buildActionMask = 2147483647;
			files = (
				4650CAB022F5C40200E6959D /* LaunchScreen.storyboard in Resources */,
				4650CAAD22F5C40200E6959D /* Assets.xcassets in Resources */,
				4650CAA822F5C40000E6959D /* Main.storyboard in Resources */,
			);
			runOnlyForDeploymentPostprocessing = 0;
		};
		4650CAB422F5C40200E6959D /* Resources */ = {
			isa = PBXResourcesBuildPhase;
			buildActionMask = 2147483647;
			files = (
			);
			runOnlyForDeploymentPostprocessing = 0;
		};
		4650CABF22F5C40200E6959D /* Resources */ = {
			isa = PBXResourcesBuildPhase;
			buildActionMask = 2147483647;
			files = (
			);
			runOnlyForDeploymentPostprocessing = 0;
		};
/* End PBXResourcesBuildPhase section */

/* Begin PBXSourcesBuildPhase section */
		4650CA9B22F5C40000E6959D /* Sources */ = {
			isa = PBXSourcesBuildPhase;
			buildActionMask = 2147483647;
			files = (
				4650CAA522F5C40000E6959D /* ViewController.swift in Sources */,
				4650CAA322F5C40000E6959D /* AppDelegate.swift in Sources */,
				4650CAAB22F5C40000E6959D /* shopTogether.xcdatamodeld in Sources */,
			);
			runOnlyForDeploymentPostprocessing = 0;
		};
		4650CAB222F5C40200E6959D /* Sources */ = {
			isa = PBXSourcesBuildPhase;
			buildActionMask = 2147483647;
			files = (
				4650CABB22F5C40200E6959D /* shopTogetherTests.swift in Sources */,
			);
			runOnlyForDeploymentPostprocessing = 0;
		};
		4650CABD22F5C40200E6959D /* Sources */ = {
			isa = PBXSourcesBuildPhase;
			buildActionMask = 2147483647;
			files = (
				4650CAC622F5C40200E6959D /* shopTogetherUITests.swift in Sources */,
			);
			runOnlyForDeploymentPostprocessing = 0;
		};
/* End PBXSourcesBuildPhase section */

/* Begin PBXTargetDependency section */
		4650CAB822F5C40200E6959D /* PBXTargetDependency */ = {
			isa = PBXTargetDependency;
			target = 4650CA9E22F5C40000E6959D /* shopTogether */;
			targetProxy = 4650CAB722F5C40200E6959D /* PBXContainerItemProxy */;
		};
		4650CAC322F5C40200E6959D /* PBXTargetDependency */ = {
			isa = PBXTargetDependency;
			target = 4650CA9E22F5C40000E6959D /* shopTogether */;
			targetProxy = 4650CAC222F5C40200E6959D /* PBXContainerItemProxy */;
		};
/* End PBXTargetDependency section */

/* Begin PBXVariantGroup section */
		4650CAA622F5C40000E6959D /* Main.storyboard */ = {
			isa = PBXVariantGroup;
			children = (
				4650CAA722F5C40000E6959D /* Base */,
			);
			name = Main.storyboard;
			sourceTree = "<group>";
		};
		4650CAAE22F5C40200E6959D /* LaunchScreen.storyboard */ = {
			isa = PBXVariantGroup;
			children = (
				4650CAAF22F5C40200E6959D /* Base */,
			);
			name = LaunchScreen.storyboard;
			sourceTree = "<group>";
		};
/* End PBXVariantGroup section */

/* Begin XCBuildConfiguration section */
		4650CAC822F5C40200E6959D /* Debug */ = {
			isa = XCBuildConfiguration;
			buildSettings = {
				ALWAYS_SEARCH_USER_PATHS = NO;
				CLANG_ANALYZER_NONNULL = YES;
				CLANG_ANALYZER_NUMBER_OBJECT_CONVERSION = YES_AGGRESSIVE;
				CLANG_CXX_LANGUAGE_STANDARD = "gnu++14";
				CLANG_CXX_LIBRARY = "libc++";
				CLANG_ENABLE_MODULES = YES;
				CLANG_ENABLE_OBJC_ARC = YES;
				CLANG_ENABLE_OBJC_WEAK = YES;
				CLANG_WARN_BLOCK_CAPTURE_AUTORELEASING = YES;
				CLANG_WARN_BOOL_CONVERSION = YES;
				CLANG_WARN_COMMA = YES;
				CLANG_WARN_CONSTANT_CONVERSION = YES;
				CLANG_WARN_DEPRECATED_OBJC_IMPLEMENTATIONS = YES;
				CLANG_WARN_DIRECT_OBJC_ISA_USAGE = YES_ERROR;
				CLANG_WARN_DOCUMENTATION_COMMENTS = YES;
				CLANG_WARN_EMPTY_BODY = YES;
				CLANG_WARN_ENUM_CONVERSION = YES;
				CLANG_WARN_INFINITE_RECURSION = YES;
				CLANG_WARN_INT_CONVERSION = YES;
				CLANG_WARN_NON_LITERAL_NULL_CONVERSION = YES;
				CLANG_WARN_OBJC_IMPLICIT_RETAIN_SELF = YES;
				CLANG_WARN_OBJC_LITERAL_CONVERSION = YES;
				CLANG_WARN_OBJC_ROOT_CLASS = YES_ERROR;
				CLANG_WARN_RANGE_LOOP_ANALYSIS = YES;
				CLANG_WARN_STRICT_PROTOTYPES = YES;
				CLANG_WARN_SUSPICIOUS_MOVE = YES;
				CLANG_WARN_UNGUARDED_AVAILABILITY = YES_AGGRESSIVE;
				CLANG_WARN_UNREACHABLE_CODE = YES;
				CLANG_WARN__DUPLICATE_METHOD_MATCH = YES;
				CODE_SIGN_IDENTITY = "iPhone Developer";
				COPY_PHASE_STRIP = NO;
				DEBUG_INFORMATION_FORMAT = dwarf;
				ENABLE_STRICT_OBJC_MSGSEND = YES;
				ENABLE_TESTABILITY = YES;
				GCC_C_LANGUAGE_STANDARD = gnu11;
				GCC_DYNAMIC_NO_PIC = NO;
				GCC_NO_COMMON_BLOCKS = YES;
				GCC_OPTIMIZATION_LEVEL = 0;
				GCC_PREPROCESSOR_DEFINITIONS = (
					"DEBUG=1",
					"$(inherited)",
				);
				GCC_WARN_64_TO_32_BIT_CONVERSION = YES;
				GCC_WARN_ABOUT_RETURN_TYPE = YES_ERROR;
				GCC_WARN_UNDECLARED_SELECTOR = YES;
				GCC_WARN_UNINITIALIZED_AUTOS = YES_AGGRESSIVE;
				GCC_WARN_UNUSED_FUNCTION = YES;
				GCC_WARN_UNUSED_VARIABLE = YES;
				IPHONEOS_DEPLOYMENT_TARGET = 12.2;
				MTL_ENABLE_DEBUG_INFO = INCLUDE_SOURCE;
				MTL_FAST_MATH = YES;
				ONLY_ACTIVE_ARCH = YES;
				SDKROOT = iphoneos;
				SWIFT_ACTIVE_COMPILATION_CONDITIONS = DEBUG;
				SWIFT_OPTIMIZATION_LEVEL = "-Onone";
			};
			name = Debug;
		};
		4650CAC922F5C40200E6959D /* Release */ = {
			isa = XCBuildConfiguration;
			buildSettings = {
				ALWAYS_SEARCH_USER_PATHS = NO;
				CLANG_ANALYZER_NONNULL = YES;
				CLANG_ANALYZER_NUMBER_OBJECT_CONVERSION = YES_AGGRESSIVE;
				CLANG_CXX_LANGUAGE_STANDARD = "gnu++14";
				CLANG_CXX_LIBRARY = "libc++";
				CLANG_ENABLE_MODULES = YES;
				CLANG_ENABLE_OBJC_ARC = YES;
				CLANG_ENABLE_OBJC_WEAK = YES;
				CLANG_WARN_BLOCK_CAPTURE_AUTORELEASING = YES;
				CLANG_WARN_BOOL_CONVERSION = YES;
				CLANG_WARN_COMMA = YES;
				CLANG_WARN_CONSTANT_CONVERSION = YES;
				CLANG_WARN_DEPRECATED_OBJC_IMPLEMENTATIONS = YES;
				CLANG_WARN_DIRECT_OBJC_ISA_USAGE = YES_ERROR;
				CLANG_WARN_DOCUMENTATION_COMMENTS = YES;
				CLANG_WARN_EMPTY_BODY = YES;
				CLANG_WARN_ENUM_CONVERSION = YES;
				CLANG_WARN_INFINITE_RECURSION = YES;
				CLANG_WARN_INT_CONVERSION = YES;
				CLANG_WARN_NON_LITERAL_NULL_CONVERSION = YES;
				CLANG_WARN_OBJC_IMPLICIT_RETAIN_SELF = YES;
				CLANG_WARN_OBJC_LITERAL_CONVERSION = YES;
				CLANG_WARN_OBJC_ROOT_CLASS = YES_ERROR;
				CLANG_WARN_RANGE_LOOP_ANALYSIS = YES;
				CLANG_WARN_STRICT_PROTOTYPES = YES;
				CLANG_WARN_SUSPICIOUS_MOVE = YES;
				CLANG_WARN_UNGUARDED_AVAILABILITY = YES_AGGRESSIVE;
				CLANG_WARN_UNREACHABLE_CODE = YES;
				CLANG_WARN__DUPLICATE_METHOD_MATCH = YES;
				CODE_SIGN_IDENTITY = "iPhone Developer";
				COPY_PHASE_STRIP = NO;
				DEBUG_INFORMATION_FORMAT = "dwarf-with-dsym";
				ENABLE_NS_ASSERTIONS = NO;
				ENABLE_STRICT_OBJC_MSGSEND = YES;
				GCC_C_LANGUAGE_STANDARD = gnu11;
				GCC_NO_COMMON_BLOCKS = YES;
				GCC_WARN_64_TO_32_BIT_CONVERSION = YES;
				GCC_WARN_ABOUT_RETURN_TYPE = YES_ERROR;
				GCC_WARN_UNDECLARED_SELECTOR = YES;
				GCC_WARN_UNINITIALIZED_AUTOS = YES_AGGRESSIVE;
				GCC_WARN_UNUSED_FUNCTION = YES;
				GCC_WARN_UNUSED_VARIABLE = YES;
				IPHONEOS_DEPLOYMENT_TARGET = 12.2;
				MTL_ENABLE_DEBUG_INFO = NO;
				MTL_FAST_MATH = YES;
				SDKROOT = iphoneos;
				SWIFT_COMPILATION_MODE = wholemodule;
				SWIFT_OPTIMIZATION_LEVEL = "-O";
				VALIDATE_PRODUCT = YES;
			};
			name = Release;
		};
		4650CACB22F5C40200E6959D /* Debug */ = {
			isa = XCBuildConfiguration;
			buildSettings = {
				ASSETCATALOG_COMPILER_APPICON_NAME = AppIcon;
				CODE_SIGN_STYLE = Automatic;
				DEVELOPMENT_TEAM = LYZ8EX5LGV;
				INFOPLIST_FILE = shopTogether/Info.plist;
				LD_RUNPATH_SEARCH_PATHS = (
					"$(inherited)",
					"@executable_path/Frameworks",
				);
				PRODUCT_BUNDLE_IDENTIFIER = com.shopTogether;
				PRODUCT_NAME = "$(TARGET_NAME)";
				SWIFT_VERSION = 5.0;
				TARGETED_DEVICE_FAMILY = "1,2";
			};
			name = Debug;
		};
		4650CACC22F5C40200E6959D /* Release */ = {
			isa = XCBuildConfiguration;
			buildSettings = {
				ASSETCATALOG_COMPILER_APPICON_NAME = AppIcon;
				CODE_SIGN_STYLE = Automatic;
				DEVELOPMENT_TEAM = LYZ8EX5LGV;
				INFOPLIST_FILE = shopTogether/Info.plist;
				LD_RUNPATH_SEARCH_PATHS = (
					"$(inherited)",
					"@executable_path/Frameworks",
				);
				PRODUCT_BUNDLE_IDENTIFIER = com.shopTogether;
				PRODUCT_NAME = "$(TARGET_NAME)";
				SWIFT_VERSION = 5.0;
				TARGETED_DEVICE_FAMILY = "1,2";
			};
			name = Release;
		};
		4650CACE22F5C40200E6959D /* Debug */ = {
			isa = XCBuildConfiguration;
			buildSettings = {
				ALWAYS_EMBED_SWIFT_STANDARD_LIBRARIES = YES;
				BUNDLE_LOADER = "$(TEST_HOST)";
				CODE_SIGN_STYLE = Automatic;
				DEVELOPMENT_TEAM = LYZ8EX5LGV;
				INFOPLIST_FILE = shopTogetherTests/Info.plist;
				LD_RUNPATH_SEARCH_PATHS = (
					"$(inherited)",
					"@executable_path/Frameworks",
					"@loader_path/Frameworks",
				);
				PRODUCT_BUNDLE_IDENTIFIER = com.shopTogetherTests;
				PRODUCT_NAME = "$(TARGET_NAME)";
				SWIFT_VERSION = 5.0;
				TARGETED_DEVICE_FAMILY = "1,2";
				TEST_HOST = "$(BUILT_PRODUCTS_DIR)/shopTogether.app/shopTogether";
			};
			name = Debug;
		};
		4650CACF22F5C40200E6959D /* Release */ = {
			isa = XCBuildConfiguration;
			buildSettings = {
				ALWAYS_EMBED_SWIFT_STANDARD_LIBRARIES = YES;
				BUNDLE_LOADER = "$(TEST_HOST)";
				CODE_SIGN_STYLE = Automatic;
				DEVELOPMENT_TEAM = LYZ8EX5LGV;
				INFOPLIST_FILE = shopTogetherTests/Info.plist;
				LD_RUNPATH_SEARCH_PATHS = (
					"$(inherited)",
					"@executable_path/Frameworks",
					"@loader_path/Frameworks",
				);
				PRODUCT_BUNDLE_IDENTIFIER = com.shopTogetherTests;
				PRODUCT_NAME = "$(TARGET_NAME)";
				SWIFT_VERSION = 5.0;
				TARGETED_DEVICE_FAMILY = "1,2";
				TEST_HOST = "$(BUILT_PRODUCTS_DIR)/shopTogether.app/shopTogether";
			};
			name = Release;
		};
		4650CAD122F5C40200E6959D /* Debug */ = {
			isa = XCBuildConfiguration;
			buildSettings = {
				ALWAYS_EMBED_SWIFT_STANDARD_LIBRARIES = YES;
				CODE_SIGN_STYLE = Automatic;
				DEVELOPMENT_TEAM = LYZ8EX5LGV;
				INFOPLIST_FILE = shopTogetherUITests/Info.plist;
				LD_RUNPATH_SEARCH_PATHS = (
					"$(inherited)",
					"@executable_path/Frameworks",
					"@loader_path/Frameworks",
				);
				PRODUCT_BUNDLE_IDENTIFIER = com.shopTogetherUITests;
				PRODUCT_NAME = "$(TARGET_NAME)";
				SWIFT_VERSION = 5.0;
				TARGETED_DEVICE_FAMILY = "1,2";
				TEST_TARGET_NAME = shopTogether;
			};
			name = Debug;
		};
		4650CAD222F5C40200E6959D /* Release */ = {
			isa = XCBuildConfiguration;
			buildSettings = {
				ALWAYS_EMBED_SWIFT_STANDARD_LIBRARIES = YES;
				CODE_SIGN_STYLE = Automatic;
				DEVELOPMENT_TEAM = LYZ8EX5LGV;
				INFOPLIST_FILE = shopTogetherUITests/Info.plist;
				LD_RUNPATH_SEARCH_PATHS = (
					"$(inherited)",
					"@executable_path/Frameworks",
					"@loader_path/Frameworks",
				);
				PRODUCT_BUNDLE_IDENTIFIER = com.shopTogetherUITests;
				PRODUCT_NAME = "$(TARGET_NAME)";
				SWIFT_VERSION = 5.0;
				TARGETED_DEVICE_FAMILY = "1,2";
				TEST_TARGET_NAME = shopTogether;
			};
			name = Release;
		};
/* End XCBuildConfiguration section */

/* Begin XCConfigurationList section */
		4650CA9A22F5C40000E6959D /* Build configuration list for PBXProject "shopTogether" */ = {
			isa = XCConfigurationList;
			buildConfigurations = (
				4650CAC822F5C40200E6959D /* Debug */,
				4650CAC922F5C40200E6959D /* Release */,
			);
			defaultConfigurationIsVisible = 0;
			defaultConfigurationName = Release;
		};
		4650CACA22F5C40200E6959D /* Build configuration list for PBXNativeTarget "shopTogether" */ = {
			isa = XCConfigurationList;
			buildConfigurations = (
				4650CACB22F5C40200E6959D /* Debug */,
				4650CACC22F5C40200E6959D /* Release */,
			);
			defaultConfigurationIsVisible = 0;
			defaultConfigurationName = Release;
		};
		4650CACD22F5C40200E6959D /* Build configuration list for PBXNativeTarget "shopTogetherTests" */ = {
			isa = XCConfigurationList;
			buildConfigurations = (
				4650CACE22F5C40200E6959D /* Debug */,
				4650CACF22F5C40200E6959D /* Release */,
			);
			defaultConfigurationIsVisible = 0;
			defaultConfigurationName = Release;
		};
		4650CAD022F5C40200E6959D /* Build configuration list for PBXNativeTarget "shopTogetherUITests" */ = {
			isa = XCConfigurationList;
			buildConfigurations = (
				4650CAD122F5C40200E6959D /* Debug */,
				4650CAD222F5C40200E6959D /* Release */,
			);
			defaultConfigurationIsVisible = 0;
			defaultConfigurationName = Release;
		};
/* End XCConfigurationList section */

/* Begin XCVersionGroup section */
		4650CAA922F5C40000E6959D /* shopTogether.xcdatamodeld */ = {
			isa = XCVersionGroup;
			children = (
				4650CAAA22F5C40000E6959D /* shopTogether.xcdatamodel */,
			);
			currentVersion = 4650CAAA22F5C40000E6959D /* shopTogether.xcdatamodel */;
			path = shopTogether.xcdatamodeld;
			sourceTree = "<group>";
			versionGroupType = wrapper.xcdatamodel;
		};
/* End XCVersionGroup section */
	};
	rootObject = 4650CA9722F5C40000E6959D /* Project object */;
}
